
Microsoft Visual Studio Solution File, Format Version 12.00
# Visual Studio Version 17
VisualStudioVersion = 17.8.34525.116
MinimumVisualStudioVersion = 10.0.40219.1
Project("{FAE04EC0-301F-11D3-BF4B-00C04F79EFBC}") = "Productos", "Productos\Productos.csproj", "{8BF2FC6F-01A5-47E1-9E1C-084C973F678B}"
EndProject
Project("{FAE04EC0-301F-11D3-BF4B-00C04F79EFBC}") = "ProductosDB", "ProductosDB\ProductosDB.csproj", "{8F553E2A-4137-4583-9921-B51C0B992EB7}"
EndProject
Global
	GlobalSection(SolutionConfigurationPlatforms) = preSolution
		Debug|Any CPU = Debug|Any CPU
		Release|Any CPU = Release|Any CPU
	EndGlobalSection
	GlobalSection(ProjectConfigurationPlatforms) = postSolution
		{8BF2FC6F-01A5-47E1-9E1C-084C973F678B}.Debug|Any CPU.ActiveCfg = Debug|Any CPU
		{8BF2FC6F-01A5-47E1-9E1C-084C973F678B}.Debug|Any CPU.Build.0 = Debug|Any CPU
		{8BF2FC6F-01A5-47E1-9E1C-084C973F678B}.Release|Any CPU.ActiveCfg = Release|Any CPU
		{8BF2FC6F-01A5-47E1-9E1C-084C973F678B}.Release|Any CPU.Build.0 = Release|Any CPU
		{8F553E2A-4137-4583-9921-B51C0B992EB7}.Debug|Any CPU.ActiveCfg = Debug|Any CPU
		{8F553E2A-4137-4583-9921-B51C0B992EB7}.Debug|Any CPU.Build.0 = Debug|Any CPU
		{8F553E2A-4137-4583-9921-B51C0B992EB7}.Release|Any CPU.ActiveCfg = Release|Any CPU
		{8F553E2A-4137-4583-9921-B51C0B992EB7}.Release|Any CPU.Build.0 = Release|Any CPU
	EndGlobalSection
	GlobalSection(SolutionProperties) = preSolution
		HideSolutionNode = FALSE
	EndGlobalSection
	GlobalSection(ExtensibilityGlobals) = postSolution
		SolutionGuid = {99E78EAD-F51B-4330-877A-BBBCD40AFAD5}
	EndGlobalSection
EndGlobal
